
Microsoft Visual Studio Solution File, Format Version 12.00
# Visual Studio Version 17
VisualStudioVersion = 17.14.36511.14 d17.14
MinimumVisualStudioVersion = 10.0.40219.1
Project("{FAE04EC0-301F-11D3-BF4B-00C04F79EFBC}") = "Cloud", "Cloud\Cloud.csproj", "{0ABAE2FA-C805-4E6D-A748-3FBB84206CAA}"
EndProject
Global
	GlobalSection(SolutionConfigurationPlatforms) = preSolution
		Debug|Any CPU = Debug|Any CPU
		Release|Any CPU = Release|Any CPU
	EndGlobalSection
	GlobalSection(ProjectConfigurationPlatforms) = postSolution
		{0ABAE2FA-C805-4E6D-A748-3FBB84206CAA}.Debug|Any CPU.ActiveCfg = Debug|Any CPU
		{0ABAE2FA-C805-4E6D-A748-3FBB84206CAA}.Debug|Any CPU.Build.0 = Debug|Any CPU
		{0ABAE2FA-C805-4E6D-A748-3FBB84206CAA}.Release|Any CPU.ActiveCfg = Release|Any CPU
		{0ABAE2FA-C805-4E6D-A748-3FBB84206CAA}.Release|Any CPU.Build.0 = Release|Any CPU
	EndGlobalSection
	GlobalSection(SolutionProperties) = preSolution
		HideSolutionNode = FALSE
	EndGlobalSection
	GlobalSection(ExtensibilityGlobals) = postSolution
		SolutionGuid = {B3154117-EED7-4905-8D70-599F4A0C4A58}
	EndGlobalSection
EndGlobal
